
Microsoft Visual Studio Solution File, Format Version 12.00
# Visual Studio 2012
Project("{FAE04EC0-301F-11D3-BF4B-00C04F79EFBC}") = "GameStoreXamarin.Core", "GameStoreXamarin.Core\GameStoreXamarin.Core.csproj", "{9275CA38-010D-4B0D-8BBD-B16BB19404CF}"
EndProject
Project("{FAE04EC0-301F-11D3-BF4B-00C04F79EFBC}") = "GameStoreXamarin.Android", "GameStoreXamarin.Android\GameStoreXamarin.Android.csproj", "{358409D6-9E88-496B-9535-BD36D547EC4D}"
EndProject
Project("{FAE04EC0-301F-11D3-BF4B-00C04F79EFBC}") = "GameStoreXamarin.iOS", "GameStoreXamarin.iOS\GameStoreXamarin.iOS.csproj", "{691EE8EE-CAB4-4624-96D1-307884D1A10F}"
EndProject
Global
	GlobalSection(SolutionConfigurationPlatforms) = preSolution
		Debug|Any CPU = Debug|Any CPU
		Release|Any CPU = Release|Any CPU
		Debug|iPhoneSimulator = Debug|iPhoneSimulator
		Release|iPhone = Release|iPhone
		Release|iPhoneSimulator = Release|iPhoneSimulator
		Debug|iPhone = Debug|iPhone
	EndGlobalSection
	GlobalSection(ProjectConfigurationPlatforms) = postSolution
		{9275CA38-010D-4B0D-8BBD-B16BB19404CF}.Debug|Any CPU.ActiveCfg = Debug|Any CPU
		{9275CA38-010D-4B0D-8BBD-B16BB19404CF}.Debug|Any CPU.Build.0 = Debug|Any CPU
		{9275CA38-010D-4B0D-8BBD-B16BB19404CF}.Release|Any CPU.ActiveCfg = Release|Any CPU
		{9275CA38-010D-4B0D-8BBD-B16BB19404CF}.Release|Any CPU.Build.0 = Release|Any CPU
		{9275CA38-010D-4B0D-8BBD-B16BB19404CF}.Debug|iPhoneSimulator.ActiveCfg = Debug|Any CPU
		{9275CA38-010D-4B0D-8BBD-B16BB19404CF}.Debug|iPhoneSimulator.Build.0 = Debug|Any CPU
		{9275CA38-010D-4B0D-8BBD-B16BB19404CF}.Release|iPhone.ActiveCfg = Release|Any CPU
		{9275CA38-010D-4B0D-8BBD-B16BB19404CF}.Release|iPhone.Build.0 = Release|Any CPU
		{9275CA38-010D-4B0D-8BBD-B16BB19404CF}.Release|iPhoneSimulator.ActiveCfg = Release|Any CPU
		{9275CA38-010D-4B0D-8BBD-B16BB19404CF}.Release|iPhoneSimulator.Build.0 = Release|Any CPU
		{9275CA38-010D-4B0D-8BBD-B16BB19404CF}.Debug|iPhone.ActiveCfg = Debug|Any CPU
		{9275CA38-010D-4B0D-8BBD-B16BB19404CF}.Debug|iPhone.Build.0 = Debug|Any CPU
		{358409D6-9E88-496B-9535-BD36D547EC4D}.Debug|Any CPU.ActiveCfg = Debug|Any CPU
		{358409D6-9E88-496B-9535-BD36D547EC4D}.Debug|Any CPU.Build.0 = Debug|Any CPU
		{358409D6-9E88-496B-9535-BD36D547EC4D}.Release|Any CPU.ActiveCfg = Release|Any CPU
		{358409D6-9E88-496B-9535-BD36D547EC4D}.Release|Any CPU.Build.0 = Release|Any CPU
		{358409D6-9E88-496B-9535-BD36D547EC4D}.Debug|iPhoneSimulator.ActiveCfg = Debug|Any CPU
		{358409D6-9E88-496B-9535-BD36D547EC4D}.Debug|iPhoneSimulator.Build.0 = Debug|Any CPU
		{358409D6-9E88-496B-9535-BD36D547EC4D}.Release|iPhone.ActiveCfg = Release|Any CPU
		{358409D6-9E88-496B-9535-BD36D547EC4D}.Release|iPhone.Build.0 = Release|Any CPU
		{358409D6-9E88-496B-9535-BD36D547EC4D}.Release|iPhoneSimulator.ActiveCfg = Release|Any CPU
		{358409D6-9E88-496B-9535-BD36D547EC4D}.Release|iPhoneSimulator.Build.0 = Release|Any CPU
		{358409D6-9E88-496B-9535-BD36D547EC4D}.Debug|iPhone.ActiveCfg = Debug|Any CPU
		{358409D6-9E88-496B-9535-BD36D547EC4D}.Debug|iPhone.Build.0 = Debug|Any CPU
		{691EE8EE-CAB4-4624-96D1-307884D1A10F}.Debug|Any CPU.ActiveCfg = Debug|iPhoneSimulator
		{691EE8EE-CAB4-4624-96D1-307884D1A10F}.Debug|Any CPU.Build.0 = Debug|iPhoneSimulator
		{691EE8EE-CAB4-4624-96D1-307884D1A10F}.Release|Any CPU.ActiveCfg = Release|iPhone
		{691EE8EE-CAB4-4624-96D1-307884D1A10F}.Release|Any CPU.Build.0 = Release|iPhone
		{691EE8EE-CAB4-4624-96D1-307884D1A10F}.Debug|iPhoneSimulator.ActiveCfg = Debug|iPhoneSimulator
		{691EE8EE-CAB4-4624-96D1-307884D1A10F}.Debug|iPhoneSimulator.Build.0 = Debug|iPhoneSimulator
		{691EE8EE-CAB4-4624-96D1-307884D1A10F}.Release|iPhone.ActiveCfg = Release|iPhone
		{691EE8EE-CAB4-4624-96D1-307884D1A10F}.Release|iPhone.Build.0 = Release|iPhone
		{691EE8EE-CAB4-4624-96D1-307884D1A10F}.Release|iPhoneSimulator.ActiveCfg = Release|iPhoneSimulator
		{691EE8EE-CAB4-4624-96D1-307884D1A10F}.Release|iPhoneSimulator.Build.0 = Release|iPhoneSimulator
		{691EE8EE-CAB4-4624-96D1-307884D1A10F}.Debug|iPhone.ActiveCfg = Debug|iPhone
		{691EE8EE-CAB4-4624-96D1-307884D1A10F}.Debug|iPhone.Build.0 = Debug|iPhone
	EndGlobalSection
EndGlobal
